
Microsoft Visual Studio Solution File, Format Version 12.00
# Visual Studio Version 17
VisualStudioVersion = 17.3.32901.215
MinimumVisualStudioVersion = 10.0.40219.1
Project("{FAE04EC0-301F-11D3-BF4B-00C04F79EFBC}") = "WebApplicationUsingPostgreSQL", "WebApplicationUsingPostgreSQL\WebApplicationUsingPostgreSQL.csproj", "{D634A7E6-59A2-455C-8388-DD9012375831}"
EndProject
Global
	GlobalSection(SolutionConfigurationPlatforms) = preSolution
		Debug|Any CPU = Debug|Any CPU
		Release|Any CPU = Release|Any CPU
	EndGlobalSection
	GlobalSection(ProjectConfigurationPlatforms) = postSolution
		{D634A7E6-59A2-455C-8388-DD9012375831}.Debug|Any CPU.ActiveCfg = Debug|Any CPU
		{D634A7E6-59A2-455C-8388-DD9012375831}.Debug|Any CPU.Build.0 = Debug|Any CPU
		{D634A7E6-59A2-455C-8388-DD9012375831}.Release|Any CPU.ActiveCfg = Release|Any CPU
		{D634A7E6-59A2-455C-8388-DD9012375831}.Release|Any CPU.Build.0 = Release|Any CPU
	EndGlobalSection
	GlobalSection(SolutionProperties) = preSolution
		HideSolutionNode = FALSE
	EndGlobalSection
	GlobalSection(ExtensibilityGlobals) = postSolution
		SolutionGuid = {1A8EF28D-6728-407C-84C0-38A234CE5849}
	EndGlobalSection
EndGlobal
